
Microsoft Visual Studio Solution File, Format Version 12.00
# Visual Studio Version 17
VisualStudioVersion = 17.3.32929.385
MinimumVisualStudioVersion = 10.0.40219.1
Project("{FAE04EC0-301F-11D3-BF4B-00C04F79EFBC}") = "ExamProject", "ExamProject\ExamProject.csproj", "{6802C561-DFB4-485B-BE45-D6C361EF1C05}"
EndProject
Global
	GlobalSection(SolutionConfigurationPlatforms) = preSolution
		Debug|Any CPU = Debug|Any CPU
		Release|Any CPU = Release|Any CPU
	EndGlobalSection
	GlobalSection(ProjectConfigurationPlatforms) = postSolution
		{6802C561-DFB4-485B-BE45-D6C361EF1C05}.Debug|Any CPU.ActiveCfg = Debug|Any CPU
		{6802C561-DFB4-485B-BE45-D6C361EF1C05}.Debug|Any CPU.Build.0 = Debug|Any CPU
		{6802C561-DFB4-485B-BE45-D6C361EF1C05}.Release|Any CPU.ActiveCfg = Release|Any CPU
		{6802C561-DFB4-485B-BE45-D6C361EF1C05}.Release|Any CPU.Build.0 = Release|Any CPU
	EndGlobalSection
	GlobalSection(SolutionProperties) = preSolution
		HideSolutionNode = FALSE
	EndGlobalSection
	GlobalSection(ExtensibilityGlobals) = postSolution
		SolutionGuid = {24AA47A4-EE7D-438F-BD32-29679397BACC}
	EndGlobalSection
EndGlobal
